
Microsoft Visual Studio Solution File, Format Version 12.00
# Visual Studio Version 17
VisualStudioVersion = 17.7.34202.233
MinimumVisualStudioVersion = 10.0.40219.1
Project("{FAE04EC0-301F-11D3-BF4B-00C04F79EFBC}") = "ConsoleApp6", "ConsoleApp6\ConsoleApp6.csproj", "{A0260FA9-097E-49F7-9622-449F9784672D}"
EndProject
Global
	GlobalSection(SolutionConfigurationPlatforms) = preSolution
		Debug|Any CPU = Debug|Any CPU
		Release|Any CPU = Release|Any CPU
	EndGlobalSection
	GlobalSection(ProjectConfigurationPlatforms) = postSolution
		{A0260FA9-097E-49F7-9622-449F9784672D}.Debug|Any CPU.ActiveCfg = Debug|Any CPU
		{A0260FA9-097E-49F7-9622-449F9784672D}.Debug|Any CPU.Build.0 = Debug|Any CPU
		{A0260FA9-097E-49F7-9622-449F9784672D}.Release|Any CPU.ActiveCfg = Release|Any CPU
		{A0260FA9-097E-49F7-9622-449F9784672D}.Release|Any CPU.Build.0 = Release|Any CPU
	EndGlobalSection
	GlobalSection(SolutionProperties) = preSolution
		HideSolutionNode = FALSE
	EndGlobalSection
	GlobalSection(ExtensibilityGlobals) = postSolution
		SolutionGuid = {8FF68B70-FD34-46C0-9C0E-A295977FE69E}
	EndGlobalSection
EndGlobal
